
Microsoft Visual Studio Solution File, Format Version 12.00
# Visual Studio Version 17
VisualStudioVersion = 17.7.34024.191
MinimumVisualStudioVersion = 10.0.40219.1
Project("{FAE04EC0-301F-11D3-BF4B-00C04F79EFBC}") = "PathTreeGenerator", "PathTreeGenerator\PathTreeGenerator.csproj", "{8B3C5F69-B8D0-4138-97F8-E1C793605699}"
EndProject
Project("{FAE04EC0-301F-11D3-BF4B-00C04F79EFBC}") = "DataStructures", "DataStructures\DataStructures.csproj", "{37ABE8DE-605B-4514-9591-4E886F6C7040}"
EndProject
Global
	GlobalSection(SolutionConfigurationPlatforms) = preSolution
		Debug|Any CPU = Debug|Any CPU
		Release|Any CPU = Release|Any CPU
	EndGlobalSection
	GlobalSection(ProjectConfigurationPlatforms) = postSolution
		{8B3C5F69-B8D0-4138-97F8-E1C793605699}.Debug|Any CPU.ActiveCfg = Debug|Any CPU
		{8B3C5F69-B8D0-4138-97F8-E1C793605699}.Debug|Any CPU.Build.0 = Debug|Any CPU
		{8B3C5F69-B8D0-4138-97F8-E1C793605699}.Release|Any CPU.ActiveCfg = Release|Any CPU
		{8B3C5F69-B8D0-4138-97F8-E1C793605699}.Release|Any CPU.Build.0 = Release|Any CPU
		{37ABE8DE-605B-4514-9591-4E886F6C7040}.Debug|Any CPU.ActiveCfg = Debug|Any CPU
		{37ABE8DE-605B-4514-9591-4E886F6C7040}.Debug|Any CPU.Build.0 = Debug|Any CPU
		{37ABE8DE-605B-4514-9591-4E886F6C7040}.Release|Any CPU.ActiveCfg = Release|Any CPU
		{37ABE8DE-605B-4514-9591-4E886F6C7040}.Release|Any CPU.Build.0 = Release|Any CPU
	EndGlobalSection
	GlobalSection(SolutionProperties) = preSolution
		HideSolutionNode = FALSE
	EndGlobalSection
	GlobalSection(ExtensibilityGlobals) = postSolution
		SolutionGuid = {696CC744-57AD-4B74-8CE0-14CA24C6056C}
	EndGlobalSection
EndGlobal
